
Microsoft Visual Studio Solution File, Format Version 12.00
# Visual Studio Version 16
VisualStudioVersion = 16.0.29728.190
MinimumVisualStudioVersion = 10.0.40219.1
Project("{9A19103F-16F7-4668-BE54-9A1E7A4F7556}") = "RockStar IT Events", "RockStar IT Events\RockStar IT Events.csproj", "{37A2B2D5-15BD-4D8A-B5A6-7635AEC6F9C5}"
EndProject
Project("{9A19103F-16F7-4668-BE54-9A1E7A4F7556}") = "Rockstar.Data", "Rockstar.Data\Rockstar.Data.csproj", "{56D4F29C-4214-487B-89E7-18B7365F536B}"
EndProject
Project("{9A19103F-16F7-4668-BE54-9A1E7A4F7556}") = "Rockstar.Models", "Rockstar.Models\Rockstar.Models.csproj", "{0690FEDD-6F8C-455A-B1B2-C3BF4A98356B}"
EndProject
Project("{FAE04EC0-301F-11D3-BF4B-00C04F79EFBC}") = "Interfaces", "Interfaces\Interfaces.csproj", "{E8AFFA5A-8D1A-4947-AF3A-23485CFE2D3A}"
EndProject
Global
	GlobalSection(SolutionConfigurationPlatforms) = preSolution
		Debug|Any CPU = Debug|Any CPU
		Release|Any CPU = Release|Any CPU
	EndGlobalSection
	GlobalSection(ProjectConfigurationPlatforms) = postSolution
		{37A2B2D5-15BD-4D8A-B5A6-7635AEC6F9C5}.Debug|Any CPU.ActiveCfg = Debug|Any CPU
		{37A2B2D5-15BD-4D8A-B5A6-7635AEC6F9C5}.Debug|Any CPU.Build.0 = Debug|Any CPU
		{37A2B2D5-15BD-4D8A-B5A6-7635AEC6F9C5}.Release|Any CPU.ActiveCfg = Release|Any CPU
		{37A2B2D5-15BD-4D8A-B5A6-7635AEC6F9C5}.Release|Any CPU.Build.0 = Release|Any CPU
		{56D4F29C-4214-487B-89E7-18B7365F536B}.Debug|Any CPU.ActiveCfg = Debug|Any CPU
		{56D4F29C-4214-487B-89E7-18B7365F536B}.Debug|Any CPU.Build.0 = Debug|Any CPU
		{56D4F29C-4214-487B-89E7-18B7365F536B}.Release|Any CPU.ActiveCfg = Release|Any CPU
		{56D4F29C-4214-487B-89E7-18B7365F536B}.Release|Any CPU.Build.0 = Release|Any CPU
		{0690FEDD-6F8C-455A-B1B2-C3BF4A98356B}.Debug|Any CPU.ActiveCfg = Debug|Any CPU
		{0690FEDD-6F8C-455A-B1B2-C3BF4A98356B}.Debug|Any CPU.Build.0 = Debug|Any CPU
		{0690FEDD-6F8C-455A-B1B2-C3BF4A98356B}.Release|Any CPU.ActiveCfg = Release|Any CPU
		{0690FEDD-6F8C-455A-B1B2-C3BF4A98356B}.Release|Any CPU.Build.0 = Release|Any CPU
		{E8AFFA5A-8D1A-4947-AF3A-23485CFE2D3A}.Debug|Any CPU.ActiveCfg = Debug|Any CPU
		{E8AFFA5A-8D1A-4947-AF3A-23485CFE2D3A}.Debug|Any CPU.Build.0 = Debug|Any CPU
		{E8AFFA5A-8D1A-4947-AF3A-23485CFE2D3A}.Release|Any CPU.ActiveCfg = Release|Any CPU
		{E8AFFA5A-8D1A-4947-AF3A-23485CFE2D3A}.Release|Any CPU.Build.0 = Release|Any CPU
	EndGlobalSection
	GlobalSection(SolutionProperties) = preSolution
		HideSolutionNode = FALSE
	EndGlobalSection
	GlobalSection(ExtensibilityGlobals) = postSolution
		SolutionGuid = {78091C88-12D6-4FF8-85D3-250944C651D0}
	EndGlobalSection
EndGlobal
